
Microsoft Visual Studio Solution File, Format Version 12.00
# Visual Studio Version 17
VisualStudioVersion = 17.9.34616.47
MinimumVisualStudioVersion = 10.0.40219.1
Project("{FAE04EC0-301F-11D3-BF4B-00C04F79EFBC}") = "Sound Engine", "Sound Engine/Sound Engine.csproj", "{B76EA8D0-B6DD-4027-8157-C7499E4F6655}"
EndProject
Project("{FAE04EC0-301F-11D3-BF4B-00C04F79EFBC}") = "Sound Generator", "Sound Generator\Sound Generator.csproj", "{88846518-F3C6-4D93-B03C-24EAC1B3E073}"
EndProject
Global
	GlobalSection(SolutionConfigurationPlatforms) = preSolution
		Debug|Any CPU = Debug|Any CPU
		Release|Any CPU = Release|Any CPU
	EndGlobalSection
	GlobalSection(ProjectConfigurationPlatforms) = postSolution
		{B76EA8D0-B6DD-4027-8157-C7499E4F6655}.Debug|Any CPU.ActiveCfg = Debug|Any CPU
		{B76EA8D0-B6DD-4027-8157-C7499E4F6655}.Debug|Any CPU.Build.0 = Debug|Any CPU
		{B76EA8D0-B6DD-4027-8157-C7499E4F6655}.Release|Any CPU.ActiveCfg = Release|Any CPU
		{B76EA8D0-B6DD-4027-8157-C7499E4F6655}.Release|Any CPU.Build.0 = Release|Any CPU
		{88846518-F3C6-4D93-B03C-24EAC1B3E073}.Debug|Any CPU.ActiveCfg = Debug|Any CPU
		{88846518-F3C6-4D93-B03C-24EAC1B3E073}.Debug|Any CPU.Build.0 = Debug|Any CPU
		{88846518-F3C6-4D93-B03C-24EAC1B3E073}.Release|Any CPU.ActiveCfg = Release|Any CPU
		{88846518-F3C6-4D93-B03C-24EAC1B3E073}.Release|Any CPU.Build.0 = Release|Any CPU
	EndGlobalSection
	GlobalSection(SolutionProperties) = preSolution
		HideSolutionNode = FALSE
	EndGlobalSection
	GlobalSection(ExtensibilityGlobals) = postSolution
		SolutionGuid = {F08F2AD0-63C2-423E-BD74-372BCA998588}
	EndGlobalSection
EndGlobal
